
Microsoft Visual Studio Solution File, Format Version 12.00
# Visual Studio 2013
VisualStudioVersion = 12.0.31101.0
MinimumVisualStudioVersion = 10.0.40219.1
Project("{F14B399A-7131-4C87-9E4B-1186C45EF12D}") = "Reports", "Reports\Reports.rptproj", "{5ADFE7BC-5DD8-48B9-91C6-6809B14623A0}"
EndProject
Global
	GlobalSection(SolutionConfigurationPlatforms) = preSolution
		Debug|Default = Debug|Default
		DebugLocal|Default = DebugLocal|Default
		Release|Default = Release|Default
	EndGlobalSection
	GlobalSection(ProjectConfigurationPlatforms) = postSolution
		{5ADFE7BC-5DD8-48B9-91C6-6809B14623A0}.Debug|Default.ActiveCfg = Debug
		{5ADFE7BC-5DD8-48B9-91C6-6809B14623A0}.Debug|Default.Build.0 = Debug
		{5ADFE7BC-5DD8-48B9-91C6-6809B14623A0}.Debug|Default.Deploy.0 = Debug
		{5ADFE7BC-5DD8-48B9-91C6-6809B14623A0}.DebugLocal|Default.ActiveCfg = DebugLocal
		{5ADFE7BC-5DD8-48B9-91C6-6809B14623A0}.DebugLocal|Default.Build.0 = DebugLocal
		{5ADFE7BC-5DD8-48B9-91C6-6809B14623A0}.Release|Default.ActiveCfg = Release
		{5ADFE7BC-5DD8-48B9-91C6-6809B14623A0}.Release|Default.Build.0 = Release
		{5ADFE7BC-5DD8-48B9-91C6-6809B14623A0}.Release|Default.Deploy.0 = Release
	EndGlobalSection
	GlobalSection(SolutionProperties) = preSolution
		HideSolutionNode = FALSE
	EndGlobalSection
EndGlobal
